
Microsoft Visual Studio Solution File, Format Version 12.00
# Visual Studio Version 16
VisualStudioVersion = 16.0.29215.179
MinimumVisualStudioVersion = 10.0.40219.1
Project("{8BC9CEB8-8B4A-11D0-8D11-00A0C91BC942}") = "LittleSam", "LittleSam.vcxproj", "{CFEF04FB-7098-4843-B4EF-CDB8BE1132BD}"
EndProject
Global
	GlobalSection(SolutionConfigurationPlatforms) = preSolution
		Debug|x64 = Debug|x64
		Debug|x86 = Debug|x86
		Release|x64 = Release|x64
		Release|x86 = Release|x86
	EndGlobalSection
	GlobalSection(ProjectConfigurationPlatforms) = postSolution
		{CFEF04FB-7098-4843-B4EF-CDB8BE1132BD}.Debug|x64.ActiveCfg = Debug|x64
		{CFEF04FB-7098-4843-B4EF-CDB8BE1132BD}.Debug|x64.Build.0 = Debug|x64
		{CFEF04FB-7098-4843-B4EF-CDB8BE1132BD}.Debug|x86.ActiveCfg = Debug|Win32
		{CFEF04FB-7098-4843-B4EF-CDB8BE1132BD}.Debug|x86.Build.0 = Debug|Win32
		{CFEF04FB-7098-4843-B4EF-CDB8BE1132BD}.Release|x64.ActiveCfg = Release|x64
		{CFEF04FB-7098-4843-B4EF-CDB8BE1132BD}.Release|x64.Build.0 = Release|x64
		{CFEF04FB-7098-4843-B4EF-CDB8BE1132BD}.Release|x86.ActiveCfg = Release|Win32
		{CFEF04FB-7098-4843-B4EF-CDB8BE1132BD}.Release|x86.Build.0 = Release|Win32
	EndGlobalSection
	GlobalSection(SolutionProperties) = preSolution
		HideSolutionNode = FALSE
	EndGlobalSection
	GlobalSection(ExtensibilityGlobals) = postSolution
		SolutionGuid = {84119ED3-BB3D-4ED2-A05F-44A3738EFBDD}
	EndGlobalSection
EndGlobal
